// !$*UTF8*$!
{
	archiveVersion = 1;
	classes = {
	};
	objectVersion = 46;
	objects = {

/* Begin PBXBuildFile section */
		161939181C457C6400B2E02E /* AppDelegate.swift in Sources */ = {isa = PBXBuildFile; fileRef = 161939171C457C6400B2E02E /* AppDelegate.swift */; };
		1619391A1C457C6400B2E02E /* ViewController.swift in Sources */ = {isa = PBXBuildFile; fileRef = 161939191C457C6400B2E02E /* ViewController.swift */; };
		1619391D1C457C6400B2E02E /* Main.storyboard in Resources */ = {isa = PBXBuildFile; fileRef = 1619391B1C457C6400B2E02E /* Main.storyboard */; };
		1619391F1C457C6400B2E02E /* Assets.xcassets in Resources */ = {isa = PBXBuildFile; fileRef = 1619391E1C457C6400B2E02E /* Assets.xcassets */; };
		161939221C457C6400B2E02E /* LaunchScreen.storyboard in Resources */ = {isa = PBXBuildFile; fileRef = 161939201C457C6400B2E02E /* LaunchScreen.storyboard */; };
		1619392B1C457DB700B2E02E /* Reachability.framework in Frameworks */ = {isa = PBXBuildFile; fileRef = 161939291C457D5800B2E02E /* Reachability.framework */; };
		1619392C1C457DB700B2E02E /* Reachability.framework in Embed Frameworks */ = {isa = PBXBuildFile; fileRef = 161939291C457D5800B2E02E /* Reachability.framework */; settings = {ATTRIBUTES = (CodeSignOnCopy, RemoveHeadersOnCopy, ); }; };
/* End PBXBuildFile section */

/* Begin PBXCopyFilesBuildPhase section */
		1619392D1C457DB800B2E02E /* Embed Frameworks */ = {
			isa = PBXCopyFilesBuildPhase;
			buildActionMask = 2147483647;
			dstPath = "";
			dstSubfolderSpec = 10;
			files = (
				1619392C1C457DB700B2E02E /* Reachability.framework in Embed Frameworks */,
			);
			name = "Embed Frameworks";
			runOnlyForDeploymentPostprocessing = 0;
		};
/* End PBXCopyFilesBuildPhase section */

/* Begin PBXFileReference section */
		161939141C457C6400B2E02E /* NetworkReachabilityTest.app */ = {isa = PBXFileReference; explicitFileType = wrapper.application; includeInIndex = 0; path = NetworkReachabilityTest.app; sourceTree = BUILT_PRODUCTS_DIR; };
		161939171C457C6400B2E02E /* AppDelegate.swift */ = {isa = PBXFileReference; lastKnownFileType = sourcecode.swift; path = AppDelegate.swift; sourceTree = "<group>"; };
		161939191C457C6400B2E02E /* ViewController.swift */ = {isa = PBXFileReference; lastKnownFileType = sourcecode.swift; path = ViewController.swift; sourceTree = "<group>"; };
		1619391C1C457C6400B2E02E /* Base */ = {isa = PBXFileReference; lastKnownFileType = file.storyboard; name = Base; path = Base.lproj/Main.storyboard; sourceTree = "<group>"; };
		1619391E1C457C6400B2E02E /* Assets.xcassets */ = {isa = PBXFileReference; lastKnownFileType = folder.assetcatalog; path = Assets.xcassets; sourceTree = "<group>"; };
		161939211C457C6400B2E02E /* Base */ = {isa = PBXFileReference; lastKnownFileType = file.storyboard; name = Base; path = Base.lproj/LaunchScreen.storyboard; sourceTree = "<group>"; };
		161939231C457C6400B2E02E /* Info.plist */ = {isa = PBXFileReference; lastKnownFileType = text.plist.xml; path = Info.plist; sourceTree = "<group>"; };
		161939291C457D5800B2E02E /* Reachability.framework */ = {isa = PBXFileReference; lastKnownFileType = wrapper.framework; name = Reachability.framework; path = Carthage/Build/iOS/Reachability.framework; sourceTree = "<group>"; };
/* End PBXFileReference section */

/* Begin PBXFrameworksBuildPhase section */
		161939111C457C6400B2E02E /* Frameworks */ = {
			isa = PBXFrameworksBuildPhase;
			buildActionMask = 2147483647;
			files = (
				1619392B1C457DB700B2E02E /* Reachability.framework in Frameworks */,
			);
			runOnlyForDeploymentPostprocessing = 0;
		};
/* End PBXFrameworksBuildPhase section */

/* Begin PBXGroup section */
		1619390B1C457C6400B2E02E = {
			isa = PBXGroup;
			children = (
				161939291C457D5800B2E02E /* Reachability.framework */,
				161939161C457C6400B2E02E /* NetworkReachabilityTest */,
				161939151C457C6400B2E02E /* Products */,
			);
			sourceTree = "<group>";
		};
		161939151C457C6400B2E02E /* Products */ = {
			isa = PBXGroup;
			children = (
				161939141C457C6400B2E02E /* NetworkReachabilityTest.app */,
			);
			name = Products;
			sourceTree = "<group>";
		};
		161939161C457C6400B2E02E /* NetworkReachabilityTest */ = {
			isa = PBXGroup;
			children = (
				161939171C457C6400B2E02E /* AppDelegate.swift */,
				161939191C457C6400B2E02E /* ViewController.swift */,
				1619391B1C457C6400B2E02E /* Main.storyboard */,
				1619391E1C457C6400B2E02E /* Assets.xcassets */,
				161939201C457C6400B2E02E /* LaunchScreen.storyboard */,
				161939231C457C6400B2E02E /* Info.plist */,
			);
			path = NetworkReachabilityTest;
			sourceTree = "<group>";
		};
/* End PBXGroup section */

/* Begin PBXNativeTarget section */
		161939131C457C6400B2E02E /* NetworkReachabilityTest */ = {
			isa = PBXNativeTarget;
			buildConfigurationList = 161939261C457C6400B2E02E /* Build configuration list for PBXNativeTarget "NetworkReachabilityTest" */;
			buildPhases = (
				161939101C457C6400B2E02E /* Sources */,
				161939111C457C6400B2E02E /* Frameworks */,
				161939121C457C6400B2E02E /* Resources */,
				1619392D1C457DB800B2E02E /* Embed Frameworks */,
			);
			buildRules = (
			);
			dependencies = (
			);
			name = NetworkReachabilityTest;
			productName = NetworkReachabilityTest;
			productReference = 161939141C457C6400B2E02E /* NetworkReachabilityTest.app */;
			productType = "com.apple.product-type.application";
		};
/* End PBXNativeTarget section */

/* Begin PBXProject section */
		1619390C1C457C6400B2E02E /* Project object */ = {
			isa = PBXProject;
			attributes = {
				LastSwiftUpdateCheck = 0720;
				LastUpgradeCheck = 0720;
				ORGANIZATIONNAME = takashi;
				TargetAttributes = {
					161939131C457C6400B2E02E = {
						CreatedOnToolsVersion = 7.2;
					};
				};
			};
			buildConfigurationList = 1619390F1C457C6400B2E02E /* Build configuration list for PBXProject "NetworkReachabilityTest" */;
			compatibilityVersion = "Xcode 3.2";
			developmentRegion = English;
			hasScannedForEncodings = 0;
			knownRegions = (
				en,
				Base,
			);
			mainGroup = 1619390B1C457C6400B2E02E;
			productRefGroup = 161939151C457C6400B2E02E /* Products */;
			projectDirPath = "";
			projectRoot = "";
			targets = (
				161939131C457C6400B2E02E /* NetworkReachabilityTest */,
			);
		};
/* End PBXProject section */

/* Begin PBXResourcesBuildPhase section */
		161939121C457C6400B2E02E /* Resources */ = {
			isa = PBXResourcesBuildPhase;
			buildActionMask = 2147483647;
			files = (
				161939221C457C6400B2E02E /* LaunchScreen.storyboard in Resources */,
				1619391F1C457C6400B2E02E /* Assets.xcassets in Resources */,
				1619391D1C457C6400B2E02E /* Main.storyboard in Resources */,
			);
			runOnlyForDeploymentPostprocessing = 0;
		};
/* End PBXResourcesBuildPhase section */

/* Begin PBXSourcesBuildPhase section */
		161939101C457C6400B2E02E /* Sources */ = {
			isa = PBXSourcesBuildPhase;
			buildActionMask = 2147483647;
			files = (
				1619391A1C457C6400B2E02E /* ViewController.swift in Sources */,
				161939181C457C6400B2E02E /* AppDelegate.swift in Sources */,
			);
			runOnlyForDeploymentPostprocessing = 0;
		};
/* End PBXSourcesBuildPhase section */

/* Begin PBXVariantGroup section */
		1619391B1C457C6400B2E02E /* Main.storyboard */ = {
			isa = PBXVariantGroup;
			children = (
				1619391C1C457C6400B2E02E /* Base */,
			);
			name = Main.storyboard;
			sourceTree = "<group>";
		};
		161939201C457C6400B2E02E /* LaunchScreen.storyboard */ = {
			isa = PBXVariantGroup;
			children = (
				161939211C457C6400B2E02E /* Base */,
			);
			name = LaunchScreen.storyboard;
			sourceTree = "<group>";
		};
/* End PBXVariantGroup section */

/* Begin XCBuildConfiguration section */
		161939241C457C6400B2E02E /* Debug */ = {
			isa = XCBuildConfiguration;
			buildSettings = {
				ALWAYS_SEARCH_USER_PATHS = NO;
				CLANG_CXX_LANGUAGE_STANDARD = "gnu++0x";
				CLANG_CXX_LIBRARY = "libc++";
				CLANG_ENABLE_MODULES = YES;
				CLANG_ENABLE_OBJC_ARC = YES;
				CLANG_WARN_BOOL_CONVERSION = YES;
				CLANG_WARN_CONSTANT_CONVERSION = YES;
				CLANG_WARN_DIRECT_OBJC_ISA_USAGE = YES_ERROR;
				CLANG_WARN_EMPTY_BODY = YES;
				CLANG_WARN_ENUM_CONVERSION = YES;
				CLANG_WARN_INT_CONVERSION = YES;
				CLANG_WARN_OBJC_ROOT_CLASS = YES_ERROR;
				CLANG_WARN_UNREACHABLE_CODE = YES;
				CLANG_WARN__DUPLICATE_METHOD_MATCH = YES;
				"CODE_SIGN_IDENTITY[sdk=iphoneos*]" = "iPhone Developer";
				COPY_PHASE_STRIP = NO;
				DEBUG_INFORMATION_FORMAT = dwarf;
				ENABLE_STRICT_OBJC_MSGSEND = YES;
				ENABLE_TESTABILITY = YES;
				GCC_C_LANGUAGE_STANDARD = gnu99;
				GCC_DYNAMIC_NO_PIC = NO;
				GCC_NO_COMMON_BLOCKS = YES;
				GCC_OPTIMIZATION_LEVEL = 0;
				GCC_PREPROCESSOR_DEFINITIONS = (
					"DEBUG=1",
					"$(inherited)",
				);
				GCC_WARN_64_TO_32_BIT_CONVERSION = YES;
				GCC_WARN_ABOUT_RETURN_TYPE = YES_ERROR;
				GCC_WARN_UNDECLARED_SELECTOR = YES;
				GCC_WARN_UNINITIALIZED_AUTOS = YES_AGGRESSIVE;
				GCC_WARN_UNUSED_FUNCTION = YES;
				GCC_WARN_UNUSED_VARIABLE = YES;
				IPHONEOS_DEPLOYMENT_TARGET = 9.2;
				MTL_ENABLE_DEBUG_INFO = YES;
				ONLY_ACTIVE_ARCH = YES;
				SDKROOT = iphoneos;
				SWIFT_OPTIMIZATION_LEVEL = "-Onone";
			};
			name = Debug;
		};
		161939251C457C6400B2E02E /* Release */ = {
			isa = XCBuildConfiguration;
			buildSettings = {
				ALWAYS_SEARCH_USER_PATHS = NO;
				CLANG_CXX_LANGUAGE_STANDARD = "gnu++0x";
				CLANG_CXX_LIBRARY = "libc++";
				CLANG_ENABLE_MODULES = YES;
				CLANG_ENABLE_OBJC_ARC = YES;
				CLANG_WARN_BOOL_CONVERSION = YES;
				CLANG_WARN_CONSTANT_CONVERSION = YES;
				CLANG_WARN_DIRECT_OBJC_ISA_USAGE = YES_ERROR;
				CLANG_WARN_EMPTY_BODY = YES;
				CLANG_WARN_ENUM_CONVERSION = YES;
				CLANG_WARN_INT_CONVERSION = YES;
				CLANG_WARN_OBJC_ROOT_CLASS = YES_ERROR;
				CLANG_WARN_UNREACHABLE_CODE = YES;
				CLANG_WARN__DUPLICATE_METHOD_MATCH = YES;
				"CODE_SIGN_IDENTITY[sdk=iphoneos*]" = "iPhone Developer";
				COPY_PHASE_STRIP = NO;
				DEBUG_INFORMATION_FORMAT = "dwarf-with-dsym";
				ENABLE_NS_ASSERTIONS = NO;
				ENABLE_STRICT_OBJC_MSGSEND = YES;
				GCC_C_LANGUAGE_STANDARD = gnu99;
				GCC_NO_COMMON_BLOCKS = YES;
				GCC_WARN_64_TO_32_BIT_CONVERSION = YES;
				GCC_WARN_ABOUT_RETURN_TYPE = YES_ERROR;
				GCC_WARN_UNDECLARED_SELECTOR = YES;
				GCC_WARN_UNINITIALIZED_AUTOS = YES_AGGRESSIVE;
				GCC_WARN_UNUSED_FUNCTION = YES;
				GCC_WARN_UNUSED_VARIABLE = YES;
				IPHONEOS_DEPLOYMENT_TARGET = 9.2;
				MTL_ENABLE_DEBUG_INFO = NO;
				SDKROOT = iphoneos;
				VALIDATE_PRODUCT = YES;
			};
			name = Release;
		};
		161939271C457C6400B2E02E /* Debug */ = {
			isa = XCBuildConfiguration;
			buildSettings = {
				ASSETCATALOG_COMPILER_APPICON_NAME = AppIcon;
				FRAMEWORK_SEARCH_PATHS = (
					"$(inherited)",
					"$(PROJECT_DIR)/Carthage/Build/iOS",
				);
				INFOPLIST_FILE = NetworkReachabilityTest/Info.plist;
				LD_RUNPATH_SEARCH_PATHS = "$(inherited) @executable_path/Frameworks";
				PRODUCT_BUNDLE_IDENTIFIER = com.takashi.NetworkReachabilityTest;
				PRODUCT_NAME = "$(TARGET_NAME)";
			};
			name = Debug;
		};
		161939281C457C6400B2E02E /* Release */ = {
			isa = XCBuildConfiguration;
			buildSettings = {
				ASSETCATALOG_COMPILER_APPICON_NAME = AppIcon;
				FRAMEWORK_SEARCH_PATHS = (
					"$(inherited)",
					"$(PROJECT_DIR)/Carthage/Build/iOS",
				);
				INFOPLIST_FILE = NetworkReachabilityTest/Info.plist;
				LD_RUNPATH_SEARCH_PATHS = "$(inherited) @executable_path/Frameworks";
				PRODUCT_BUNDLE_IDENTIFIER = com.takashi.NetworkReachabilityTest;
				PRODUCT_NAME = "$(TARGET_NAME)";
			};
			name = Release;
		};
/* End XCBuildConfiguration section */

/* Begin XCConfigurationList section */
		1619390F1C457C6400B2E02E /* Build configuration list for PBXProject "NetworkReachabilityTest" */ = {
			isa = XCConfigurationList;
			buildConfigurations = (
				161939241C457C6400B2E02E /* Debug */,
				161939251C457C6400B2E02E /* Release */,
			);
			defaultConfigurationIsVisible = 0;
			defaultConfigurationName = Release;
		};
		161939261C457C6400B2E02E /* Build configuration list for PBXNativeTarget "NetworkReachabilityTest" */ = {
			isa = XCConfigurationList;
			buildConfigurations = (
				161939271C457C6400B2E02E /* Debug */,
				161939281C457C6400B2E02E /* Release */,
			);
			defaultConfigurationIsVisible = 0;
		};
/* End XCConfigurationList section */
	};
	rootObject = 1619390C1C457C6400B2E02E /* Project object */;
}
